
Microsoft Visual Studio Solution File, Format Version 12.00
# Visual Studio Version 17
VisualStudioVersion = 17.4.33122.133
MinimumVisualStudioVersion = 10.0.40219.1
Project("{9A19103F-16F7-4668-BE54-9A1E7A4F7556}") = "eShop-V1", "eShop-V1\eShop-V1.csproj", "{0949E4C8-ED46-4A1E-AE6B-56B0FA6BB33A}"
EndProject
Global
	GlobalSection(SolutionConfigurationPlatforms) = preSolution
		Debug|Any CPU = Debug|Any CPU
		Release|Any CPU = Release|Any CPU
	EndGlobalSection
	GlobalSection(ProjectConfigurationPlatforms) = postSolution
		{0949E4C8-ED46-4A1E-AE6B-56B0FA6BB33A}.Debug|Any CPU.ActiveCfg = Debug|Any CPU
		{0949E4C8-ED46-4A1E-AE6B-56B0FA6BB33A}.Debug|Any CPU.Build.0 = Debug|Any CPU
		{0949E4C8-ED46-4A1E-AE6B-56B0FA6BB33A}.Release|Any CPU.ActiveCfg = Release|Any CPU
		{0949E4C8-ED46-4A1E-AE6B-56B0FA6BB33A}.Release|Any CPU.Build.0 = Release|Any CPU
	EndGlobalSection
	GlobalSection(SolutionProperties) = preSolution
		HideSolutionNode = FALSE
	EndGlobalSection
	GlobalSection(ExtensibilityGlobals) = postSolution
		SolutionGuid = {6D52C9AE-35EE-41E7-BB05-81B34F3CA217}
	EndGlobalSection
EndGlobal
